// !$*UTF8*$!
{
	archiveVersion = 1;
	classes = {
	};
	objectVersion = 56;
	objects = {

/* Begin PBXBuildFile section */
		349C05F52A73407100D10C43 /* _____TR____CoreData_Yap__Olus_turmaApp.swift in Sources */ = {isa = PBXBuildFile; fileRef = 349C05F42A73407100D10C43 /* _____TR____CoreData_Yap__Olus_turmaApp.swift */; };
		349C05F72A73407100D10C43 /* ContentView.swift in Sources */ = {isa = PBXBuildFile; fileRef = 349C05F62A73407100D10C43 /* ContentView.swift */; };
		349C05F92A73407300D10C43 /* Assets.xcassets in Resources */ = {isa = PBXBuildFile; fileRef = 349C05F82A73407300D10C43 /* Assets.xcassets */; };
		349C05FC2A73407300D10C43 /* Preview Assets.xcassets in Resources */ = {isa = PBXBuildFile; fileRef = 349C05FB2A73407300D10C43 /* Preview Assets.xcassets */; };
		349C06042A73409500D10C43 /* CountryName.xcdatamodeld in Sources */ = {isa = PBXBuildFile; fileRef = 349C06022A73409400D10C43 /* CountryName.xcdatamodeld */; };
		34B079D02A73532E00EFDD40 /* AddCountryView.swift in Sources */ = {isa = PBXBuildFile; fileRef = 34B079CF2A73532E00EFDD40 /* AddCountryView.swift */; };
/* End PBXBuildFile section */

/* Begin PBXFileReference section */
		349C05F12A73407100D10C43 /* 5 - (TR) - CoreData Yapı Oluşturma.app */ = {isa = PBXFileReference; explicitFileType = wrapper.application; includeInIndex = 0; path = "5 - (TR) - CoreData Yapı Oluşturma.app"; sourceTree = BUILT_PRODUCTS_DIR; };
		349C05F42A73407100D10C43 /* _____TR____CoreData_Yap__Olus_turmaApp.swift */ = {isa = PBXFileReference; lastKnownFileType = sourcecode.swift; path = "_____TR____CoreData_Yap__Olus_turmaApp.swift"; sourceTree = "<group>"; };
		349C05F62A73407100D10C43 /* ContentView.swift */ = {isa = PBXFileReference; lastKnownFileType = sourcecode.swift; path = ContentView.swift; sourceTree = "<group>"; };
		349C05F82A73407300D10C43 /* Assets.xcassets */ = {isa = PBXFileReference; lastKnownFileType = folder.assetcatalog; path = Assets.xcassets; sourceTree = "<group>"; };
		349C05FB2A73407300D10C43 /* Preview Assets.xcassets */ = {isa = PBXFileReference; lastKnownFileType = folder.assetcatalog; path = "Preview Assets.xcassets"; sourceTree = "<group>"; };
		349C06032A73409500D10C43 /* Data.xcdatamodel */ = {isa = PBXFileReference; lastKnownFileType = wrapper.xcdatamodel; path = Data.xcdatamodel; sourceTree = "<group>"; };
		34B079CF2A73532E00EFDD40 /* AddCountryView.swift */ = {isa = PBXFileReference; lastKnownFileType = sourcecode.swift; path = AddCountryView.swift; sourceTree = "<group>"; };
/* End PBXFileReference section */

/* Begin PBXFrameworksBuildPhase section */
		349C05EE2A73407100D10C43 /* Frameworks */ = {
			isa = PBXFrameworksBuildPhase;
			buildActionMask = 2147483647;
			files = (
			);
			runOnlyForDeploymentPostprocessing = 0;
		};
/* End PBXFrameworksBuildPhase section */

/* Begin PBXGroup section */
		349C05E82A73407100D10C43 = {
			isa = PBXGroup;
			children = (
				349C05F32A73407100D10C43 /* 5 - (TR) - CoreData Yapı Oluşturma */,
				349C05F22A73407100D10C43 /* Products */,
			);
			sourceTree = "<group>";
		};
		349C05F22A73407100D10C43 /* Products */ = {
			isa = PBXGroup;
			children = (
				349C05F12A73407100D10C43 /* 5 - (TR) - CoreData Yapı Oluşturma.app */,
			);
			name = Products;
			sourceTree = "<group>";
		};
		349C05F32A73407100D10C43 /* 5 - (TR) - CoreData Yapı Oluşturma */ = {
			isa = PBXGroup;
			children = (
				349C05F42A73407100D10C43 /* _____TR____CoreData_Yap__Olus_turmaApp.swift */,
				349C06022A73409400D10C43 /* CountryName.xcdatamodeld */,
				349C05F62A73407100D10C43 /* ContentView.swift */,
				34B079CF2A73532E00EFDD40 /* AddCountryView.swift */,
				349C05F82A73407300D10C43 /* Assets.xcassets */,
				349C05FA2A73407300D10C43 /* Preview Content */,
			);
			path = "5 - (TR) - CoreData Yapı Oluşturma";
			sourceTree = "<group>";
		};
		349C05FA2A73407300D10C43 /* Preview Content */ = {
			isa = PBXGroup;
			children = (
				349C05FB2A73407300D10C43 /* Preview Assets.xcassets */,
			);
			path = "Preview Content";
			sourceTree = "<group>";
		};
/* End PBXGroup section */

/* Begin PBXNativeTarget section */
		349C05F02A73407100D10C43 /* 5 - (TR) - CoreData Yapı Oluşturma */ = {
			isa = PBXNativeTarget;
			buildConfigurationList = 349C05FF2A73407300D10C43 /* Build configuration list for PBXNativeTarget "5 - (TR) - CoreData Yapı Oluşturma" */;
			buildPhases = (
				349C05ED2A73407100D10C43 /* Sources */,
				349C05EE2A73407100D10C43 /* Frameworks */,
				349C05EF2A73407100D10C43 /* Resources */,
			);
			buildRules = (
			);
			dependencies = (
			);
			name = "5 - (TR) - CoreData Yapı Oluşturma";
			productName = "5 - (TR) - CoreData Yapı Oluşturma";
			productReference = 349C05F12A73407100D10C43 /* 5 - (TR) - CoreData Yapı Oluşturma.app */;
			productType = "com.apple.product-type.application";
		};
/* End PBXNativeTarget section */

/* Begin PBXProject section */
		349C05E92A73407100D10C43 /* Project object */ = {
			isa = PBXProject;
			attributes = {
				BuildIndependentTargetsInParallel = 1;
				LastSwiftUpdateCheck = 1430;
				LastUpgradeCheck = 1430;
				TargetAttributes = {
					349C05F02A73407100D10C43 = {
						CreatedOnToolsVersion = 14.3.1;
					};
				};
			};
			buildConfigurationList = 349C05EC2A73407100D10C43 /* Build configuration list for PBXProject "5 - (TR) - CoreData Yapı Oluşturma" */;
			compatibilityVersion = "Xcode 14.0";
			developmentRegion = en;
			hasScannedForEncodings = 0;
			knownRegions = (
				en,
				Base,
			);
			mainGroup = 349C05E82A73407100D10C43;
			productRefGroup = 349C05F22A73407100D10C43 /* Products */;
			projectDirPath = "";
			projectRoot = "";
			targets = (
				349C05F02A73407100D10C43 /* 5 - (TR) - CoreData Yapı Oluşturma */,
			);
		};
/* End PBXProject section */

/* Begin PBXResourcesBuildPhase section */
		349C05EF2A73407100D10C43 /* Resources */ = {
			isa = PBXResourcesBuildPhase;
			buildActionMask = 2147483647;
			files = (
				349C05FC2A73407300D10C43 /* Preview Assets.xcassets in Resources */,
				349C05F92A73407300D10C43 /* Assets.xcassets in Resources */,
			);
			runOnlyForDeploymentPostprocessing = 0;
		};
/* End PBXResourcesBuildPhase section */

/* Begin PBXSourcesBuildPhase section */
		349C05ED2A73407100D10C43 /* Sources */ = {
			isa = PBXSourcesBuildPhase;
			buildActionMask = 2147483647;
			files = (
				349C05F72A73407100D10C43 /* ContentView.swift in Sources */,
				349C06042A73409500D10C43 /* CountryName.xcdatamodeld in Sources */,
				349C05F52A73407100D10C43 /* _____TR____CoreData_Yap__Olus_turmaApp.swift in Sources */,
				34B079D02A73532E00EFDD40 /* AddCountryView.swift in Sources */,
			);
			runOnlyForDeploymentPostprocessing = 0;
		};
/* End PBXSourcesBuildPhase section */

/* Begin XCBuildConfiguration section */
		349C05FD2A73407300D10C43 /* Debug */ = {
			isa = XCBuildConfiguration;
			buildSettings = {
				ALWAYS_SEARCH_USER_PATHS = NO;
				CLANG_ANALYZER_NONNULL = YES;
				CLANG_ANALYZER_NUMBER_OBJECT_CONVERSION = YES_AGGRESSIVE;
				CLANG_CXX_LANGUAGE_STANDARD = "gnu++20";
				CLANG_ENABLE_MODULES = YES;
				CLANG_ENABLE_OBJC_ARC = YES;
				CLANG_ENABLE_OBJC_WEAK = YES;
				CLANG_WARN_BLOCK_CAPTURE_AUTORELEASING = YES;
				CLANG_WARN_BOOL_CONVERSION = YES;
				CLANG_WARN_COMMA = YES;
				CLANG_WARN_CONSTANT_CONVERSION = YES;
				CLANG_WARN_DEPRECATED_OBJC_IMPLEMENTATIONS = YES;
				CLANG_WARN_DIRECT_OBJC_ISA_USAGE = YES_ERROR;
				CLANG_WARN_DOCUMENTATION_COMMENTS = YES;
				CLANG_WARN_EMPTY_BODY = YES;
				CLANG_WARN_ENUM_CONVERSION = YES;
				CLANG_WARN_INFINITE_RECURSION = YES;
				CLANG_WARN_INT_CONVERSION = YES;
				CLANG_WARN_NON_LITERAL_NULL_CONVERSION = YES;
				CLANG_WARN_OBJC_IMPLICIT_RETAIN_SELF = YES;
				CLANG_WARN_OBJC_LITERAL_CONVERSION = YES;
				CLANG_WARN_OBJC_ROOT_CLASS = YES_ERROR;
				CLANG_WARN_QUOTED_INCLUDE_IN_FRAMEWORK_HEADER = YES;
				CLANG_WARN_RANGE_LOOP_ANALYSIS = YES;
				CLANG_WARN_STRICT_PROTOTYPES = YES;
				CLANG_WARN_SUSPICIOUS_MOVE = YES;
				CLANG_WARN_UNGUARDED_AVAILABILITY = YES_AGGRESSIVE;
				CLANG_WARN_UNREACHABLE_CODE = YES;
				CLANG_WARN__DUPLICATE_METHOD_MATCH = YES;
				COPY_PHASE_STRIP = NO;
				DEBUG_INFORMATION_FORMAT = dwarf;
				ENABLE_STRICT_OBJC_MSGSEND = YES;
				ENABLE_TESTABILITY = YES;
				GCC_C_LANGUAGE_STANDARD = gnu11;
				GCC_DYNAMIC_NO_PIC = NO;
				GCC_NO_COMMON_BLOCKS = YES;
				GCC_OPTIMIZATION_LEVEL = 0;
				GCC_PREPROCESSOR_DEFINITIONS = (
					"DEBUG=1",
					"$(inherited)",
				);
				GCC_WARN_64_TO_32_BIT_CONVERSION = YES;
				GCC_WARN_ABOUT_RETURN_TYPE = YES_ERROR;
				GCC_WARN_UNDECLARED_SELECTOR = YES;
				GCC_WARN_UNINITIALIZED_AUTOS = YES_AGGRESSIVE;
				GCC_WARN_UNUSED_FUNCTION = YES;
				GCC_WARN_UNUSED_VARIABLE = YES;
				IPHONEOS_DEPLOYMENT_TARGET = 16.4;
				MTL_ENABLE_DEBUG_INFO = INCLUDE_SOURCE;
				MTL_FAST_MATH = YES;
				ONLY_ACTIVE_ARCH = YES;
				SDKROOT = iphoneos;
				SWIFT_ACTIVE_COMPILATION_CONDITIONS = DEBUG;
				SWIFT_OPTIMIZATION_LEVEL = "-Onone";
			};
			name = Debug;
		};
		349C05FE2A73407300D10C43 /* Release */ = {
			isa = XCBuildConfiguration;
			buildSettings = {
				ALWAYS_SEARCH_USER_PATHS = NO;
				CLANG_ANALYZER_NONNULL = YES;
				CLANG_ANALYZER_NUMBER_OBJECT_CONVERSION = YES_AGGRESSIVE;
				CLANG_CXX_LANGUAGE_STANDARD = "gnu++20";
				CLANG_ENABLE_MODULES = YES;
				CLANG_ENABLE_OBJC_ARC = YES;
				CLANG_ENABLE_OBJC_WEAK = YES;
				CLANG_WARN_BLOCK_CAPTURE_AUTORELEASING = YES;
				CLANG_WARN_BOOL_CONVERSION = YES;
				CLANG_WARN_COMMA = YES;
				CLANG_WARN_CONSTANT_CONVERSION = YES;
				CLANG_WARN_DEPRECATED_OBJC_IMPLEMENTATIONS = YES;
				CLANG_WARN_DIRECT_OBJC_ISA_USAGE = YES_ERROR;
				CLANG_WARN_DOCUMENTATION_COMMENTS = YES;
				CLANG_WARN_EMPTY_BODY = YES;
				CLANG_WARN_ENUM_CONVERSION = YES;
				CLANG_WARN_INFINITE_RECURSION = YES;
				CLANG_WARN_INT_CONVERSION = YES;
				CLANG_WARN_NON_LITERAL_NULL_CONVERSION = YES;
				CLANG_WARN_OBJC_IMPLICIT_RETAIN_SELF = YES;
				CLANG_WARN_OBJC_LITERAL_CONVERSION = YES;
				CLANG_WARN_OBJC_ROOT_CLASS = YES_ERROR;
				CLANG_WARN_QUOTED_INCLUDE_IN_FRAMEWORK_HEADER = YES;
				CLANG_WARN_RANGE_LOOP_ANALYSIS = YES;
				CLANG_WARN_STRICT_PROTOTYPES = YES;
				CLANG_WARN_SUSPICIOUS_MOVE = YES;
				CLANG_WARN_UNGUARDED_AVAILABILITY = YES_AGGRESSIVE;
				CLANG_WARN_UNREACHABLE_CODE = YES;
				CLANG_WARN__DUPLICATE_METHOD_MATCH = YES;
				COPY_PHASE_STRIP = NO;
				DEBUG_INFORMATION_FORMAT = "dwarf-with-dsym";
				ENABLE_NS_ASSERTIONS = NO;
				ENABLE_STRICT_OBJC_MSGSEND = YES;
				GCC_C_LANGUAGE_STANDARD = gnu11;
				GCC_NO_COMMON_BLOCKS = YES;
				GCC_WARN_64_TO_32_BIT_CONVERSION = YES;
				GCC_WARN_ABOUT_RETURN_TYPE = YES_ERROR;
				GCC_WARN_UNDECLARED_SELECTOR = YES;
				GCC_WARN_UNINITIALIZED_AUTOS = YES_AGGRESSIVE;
				GCC_WARN_UNUSED_FUNCTION = YES;
				GCC_WARN_UNUSED_VARIABLE = YES;
				IPHONEOS_DEPLOYMENT_TARGET = 16.4;
				MTL_ENABLE_DEBUG_INFO = NO;
				MTL_FAST_MATH = YES;
				SDKROOT = iphoneos;
				SWIFT_COMPILATION_MODE = wholemodule;
				SWIFT_OPTIMIZATION_LEVEL = "-O";
				VALIDATE_PRODUCT = YES;
			};
			name = Release;
		};
		349C06002A73407300D10C43 /* Debug */ = {
			isa = XCBuildConfiguration;
			buildSettings = {
				ASSETCATALOG_COMPILER_APPICON_NAME = AppIcon;
				ASSETCATALOG_COMPILER_GLOBAL_ACCENT_COLOR_NAME = AccentColor;
				CODE_SIGN_STYLE = Automatic;
				CURRENT_PROJECT_VERSION = 1;
				DEVELOPMENT_ASSET_PATHS = "\"5 - (TR) - CoreData Yapı Oluşturma/Preview Content\"";
				DEVELOPMENT_TEAM = MW2482B7WH;
				ENABLE_PREVIEWS = YES;
				GENERATE_INFOPLIST_FILE = YES;
				INFOPLIST_KEY_UIApplicationSceneManifest_Generation = YES;
				INFOPLIST_KEY_UIApplicationSupportsIndirectInputEvents = YES;
				INFOPLIST_KEY_UILaunchScreen_Generation = YES;
				INFOPLIST_KEY_UISupportedInterfaceOrientations_iPad = "UIInterfaceOrientationPortrait UIInterfaceOrientationPortraitUpsideDown UIInterfaceOrientationLandscapeLeft UIInterfaceOrientationLandscapeRight";
				INFOPLIST_KEY_UISupportedInterfaceOrientations_iPhone = "UIInterfaceOrientationPortrait UIInterfaceOrientationLandscapeLeft UIInterfaceOrientationLandscapeRight";
				LD_RUNPATH_SEARCH_PATHS = (
					"$(inherited)",
					"@executable_path/Frameworks",
				);
				MARKETING_VERSION = 1.0;
				PRODUCT_BUNDLE_IDENTIFIER = "AzmaniOS.-----TR----CoreData-Yap--Olus-turma";
				PRODUCT_NAME = "$(TARGET_NAME)";
				SWIFT_EMIT_LOC_STRINGS = YES;
				SWIFT_VERSION = 5.0;
				TARGETED_DEVICE_FAMILY = "1,2";
			};
			name = Debug;
		};
		349C06012A73407300D10C43 /* Release */ = {
			isa = XCBuildConfiguration;
			buildSettings = {
				ASSETCATALOG_COMPILER_APPICON_NAME = AppIcon;
				ASSETCATALOG_COMPILER_GLOBAL_ACCENT_COLOR_NAME = AccentColor;
				CODE_SIGN_STYLE = Automatic;
				CURRENT_PROJECT_VERSION = 1;
				DEVELOPMENT_ASSET_PATHS = "\"5 - (TR) - CoreData Yapı Oluşturma/Preview Content\"";
				DEVELOPMENT_TEAM = MW2482B7WH;
				ENABLE_PREVIEWS = YES;
				GENERATE_INFOPLIST_FILE = YES;
				INFOPLIST_KEY_UIApplicationSceneManifest_Generation = YES;
				INFOPLIST_KEY_UIApplicationSupportsIndirectInputEvents = YES;
				INFOPLIST_KEY_UILaunchScreen_Generation = YES;
				INFOPLIST_KEY_UISupportedInterfaceOrientations_iPad = "UIInterfaceOrientationPortrait UIInterfaceOrientationPortraitUpsideDown UIInterfaceOrientationLandscapeLeft UIInterfaceOrientationLandscapeRight";
				INFOPLIST_KEY_UISupportedInterfaceOrientations_iPhone = "UIInterfaceOrientationPortrait UIInterfaceOrientationLandscapeLeft UIInterfaceOrientationLandscapeRight";
				LD_RUNPATH_SEARCH_PATHS = (
					"$(inherited)",
					"@executable_path/Frameworks",
				);
				MARKETING_VERSION = 1.0;
				PRODUCT_BUNDLE_IDENTIFIER = "AzmaniOS.-----TR----CoreData-Yap--Olus-turma";
				PRODUCT_NAME = "$(TARGET_NAME)";
				SWIFT_EMIT_LOC_STRINGS = YES;
				SWIFT_VERSION = 5.0;
				TARGETED_DEVICE_FAMILY = "1,2";
			};
			name = Release;
		};
/* End XCBuildConfiguration section */

/* Begin XCConfigurationList section */
		349C05EC2A73407100D10C43 /* Build configuration list for PBXProject "5 - (TR) - CoreData Yapı Oluşturma" */ = {
			isa = XCConfigurationList;
			buildConfigurations = (
				349C05FD2A73407300D10C43 /* Debug */,
				349C05FE2A73407300D10C43 /* Release */,
			);
			defaultConfigurationIsVisible = 0;
			defaultConfigurationName = Release;
		};
		349C05FF2A73407300D10C43 /* Build configuration list for PBXNativeTarget "5 - (TR) - CoreData Yapı Oluşturma" */ = {
			isa = XCConfigurationList;
			buildConfigurations = (
				349C06002A73407300D10C43 /* Debug */,
				349C06012A73407300D10C43 /* Release */,
			);
			defaultConfigurationIsVisible = 0;
			defaultConfigurationName = Release;
		};
/* End XCConfigurationList section */

/* Begin XCVersionGroup section */
		349C06022A73409400D10C43 /* CountryName.xcdatamodeld */ = {
			isa = XCVersionGroup;
			children = (
				349C06032A73409500D10C43 /* Data.xcdatamodel */,
			);
			currentVersion = 349C06032A73409500D10C43 /* Data.xcdatamodel */;
			path = CountryName.xcdatamodeld;
			sourceTree = "<group>";
			versionGroupType = wrapper.xcdatamodel;
		};
/* End XCVersionGroup section */
	};
	rootObject = 349C05E92A73407100D10C43 /* Project object */;
}
