// !$*UTF8*$!
{
	archiveVersion = 1;
	classes = {
	};
	objectVersion = 56;
	objects = {

/* Begin PBXBuildFile section */
		34471B9229DFAC7000DCB1AA /* AppDelegate.swift in Sources */ = {isa = PBXBuildFile; fileRef = 34471B9129DFAC7000DCB1AA /* AppDelegate.swift */; };
		34471B9429DFAC7000DCB1AA /* SceneDelegate.swift in Sources */ = {isa = PBXBuildFile; fileRef = 34471B9329DFAC7000DCB1AA /* SceneDelegate.swift */; };
		34471B9B29DFAC7200DCB1AA /* Assets.xcassets in Resources */ = {isa = PBXBuildFile; fileRef = 34471B9A29DFAC7200DCB1AA /* Assets.xcassets */; };
		34471B9E29DFAC7200DCB1AA /* LaunchScreen.storyboard in Resources */ = {isa = PBXBuildFile; fileRef = 34471B9C29DFAC7200DCB1AA /* LaunchScreen.storyboard */; };
		34471BAF29DFAF2D00DCB1AA /* HomeView.swift in Sources */ = {isa = PBXBuildFile; fileRef = 34471BAE29DFAF2D00DCB1AA /* HomeView.swift */; };
		34471BB129DFAF6300DCB1AA /* NetworkManager.swift in Sources */ = {isa = PBXBuildFile; fileRef = 34471BB029DFAF6300DCB1AA /* NetworkManager.swift */; };
		34471BB329DFB9AF00DCB1AA /* Movie.swift in Sources */ = {isa = PBXBuildFile; fileRef = 34471BB229DFB9AF00DCB1AA /* Movie.swift */; };
		34471BB529DFBD0D00DCB1AA /* MovieService.swift in Sources */ = {isa = PBXBuildFile; fileRef = 34471BB429DFBD0D00DCB1AA /* MovieService.swift */; };
/* End PBXBuildFile section */

/* Begin PBXFileReference section */
		34471B8E29DFAC7000DCB1AA /* StoryboardExempleWithMVVM.app */ = {isa = PBXFileReference; explicitFileType = wrapper.application; includeInIndex = 0; path = StoryboardExempleWithMVVM.app; sourceTree = BUILT_PRODUCTS_DIR; };
		34471B9129DFAC7000DCB1AA /* AppDelegate.swift */ = {isa = PBXFileReference; lastKnownFileType = sourcecode.swift; path = AppDelegate.swift; sourceTree = "<group>"; };
		34471B9329DFAC7000DCB1AA /* SceneDelegate.swift */ = {isa = PBXFileReference; lastKnownFileType = sourcecode.swift; path = SceneDelegate.swift; sourceTree = "<group>"; };
		34471B9A29DFAC7200DCB1AA /* Assets.xcassets */ = {isa = PBXFileReference; lastKnownFileType = folder.assetcatalog; path = Assets.xcassets; sourceTree = "<group>"; };
		34471B9D29DFAC7200DCB1AA /* Base */ = {isa = PBXFileReference; lastKnownFileType = file.storyboard; name = Base; path = Base.lproj/LaunchScreen.storyboard; sourceTree = "<group>"; };
		34471B9F29DFAC7200DCB1AA /* Info.plist */ = {isa = PBXFileReference; lastKnownFileType = text.plist.xml; path = Info.plist; sourceTree = "<group>"; };
		34471BAE29DFAF2D00DCB1AA /* HomeView.swift */ = {isa = PBXFileReference; lastKnownFileType = sourcecode.swift; path = HomeView.swift; sourceTree = "<group>"; };
		34471BB029DFAF6300DCB1AA /* NetworkManager.swift */ = {isa = PBXFileReference; lastKnownFileType = sourcecode.swift; path = NetworkManager.swift; sourceTree = "<group>"; };
		34471BB229DFB9AF00DCB1AA /* Movie.swift */ = {isa = PBXFileReference; lastKnownFileType = sourcecode.swift; path = Movie.swift; sourceTree = "<group>"; };
		34471BB429DFBD0D00DCB1AA /* MovieService.swift */ = {isa = PBXFileReference; lastKnownFileType = sourcecode.swift; path = MovieService.swift; sourceTree = "<group>"; };
/* End PBXFileReference section */

/* Begin PBXFrameworksBuildPhase section */
		34471B8B29DFAC7000DCB1AA /* Frameworks */ = {
			isa = PBXFrameworksBuildPhase;
			buildActionMask = 2147483647;
			files = (
			);
			runOnlyForDeploymentPostprocessing = 0;
		};
/* End PBXFrameworksBuildPhase section */

/* Begin PBXGroup section */
		34471B8529DFAC7000DCB1AA = {
			isa = PBXGroup;
			children = (
				34471B9029DFAC7000DCB1AA /* StoryboardExempleWithMVVM */,
				34471B8F29DFAC7000DCB1AA /* Products */,
			);
			sourceTree = "<group>";
		};
		34471B8F29DFAC7000DCB1AA /* Products */ = {
			isa = PBXGroup;
			children = (
				34471B8E29DFAC7000DCB1AA /* StoryboardExempleWithMVVM.app */,
			);
			name = Products;
			sourceTree = "<group>";
		};
		34471B9029DFAC7000DCB1AA /* StoryboardExempleWithMVVM */ = {
			isa = PBXGroup;
			children = (
				34471BA829DFAE8100DCB1AA /* Core */,
				34471BA729DFAE7D00DCB1AA /* Models */,
				34471BA629DFAE7000DCB1AA /* Service */,
				34471BA529DFAE5000DCB1AA /* Utils */,
				34471B9129DFAC7000DCB1AA /* AppDelegate.swift */,
				34471B9329DFAC7000DCB1AA /* SceneDelegate.swift */,
				34471B9A29DFAC7200DCB1AA /* Assets.xcassets */,
				34471B9C29DFAC7200DCB1AA /* LaunchScreen.storyboard */,
				34471B9F29DFAC7200DCB1AA /* Info.plist */,
			);
			path = StoryboardExempleWithMVVM;
			sourceTree = "<group>";
		};
		34471BA529DFAE5000DCB1AA /* Utils */ = {
			isa = PBXGroup;
			children = (
				34471BB029DFAF6300DCB1AA /* NetworkManager.swift */,
			);
			path = Utils;
			sourceTree = "<group>";
		};
		34471BA629DFAE7000DCB1AA /* Service */ = {
			isa = PBXGroup;
			children = (
				34471BB429DFBD0D00DCB1AA /* MovieService.swift */,
			);
			path = Service;
			sourceTree = "<group>";
		};
		34471BA729DFAE7D00DCB1AA /* Models */ = {
			isa = PBXGroup;
			children = (
				34471BB229DFB9AF00DCB1AA /* Movie.swift */,
			);
			path = Models;
			sourceTree = "<group>";
		};
		34471BA829DFAE8100DCB1AA /* Core */ = {
			isa = PBXGroup;
			children = (
				34471BAA29DFAEC200DCB1AA /* View */,
				34471BA929DFAE9700DCB1AA /* Components */,
			);
			path = Core;
			sourceTree = "<group>";
		};
		34471BA929DFAE9700DCB1AA /* Components */ = {
			isa = PBXGroup;
			children = (
			);
			path = Components;
			sourceTree = "<group>";
		};
		34471BAA29DFAEC200DCB1AA /* View */ = {
			isa = PBXGroup;
			children = (
				34471BAB29DFAECD00DCB1AA /* Home */,
			);
			path = View;
			sourceTree = "<group>";
		};
		34471BAB29DFAECD00DCB1AA /* Home */ = {
			isa = PBXGroup;
			children = (
				34471BAE29DFAF2D00DCB1AA /* HomeView.swift */,
			);
			path = Home;
			sourceTree = "<group>";
		};
/* End PBXGroup section */

/* Begin PBXNativeTarget section */
		34471B8D29DFAC7000DCB1AA /* StoryboardExempleWithMVVM */ = {
			isa = PBXNativeTarget;
			buildConfigurationList = 34471BA229DFAC7200DCB1AA /* Build configuration list for PBXNativeTarget "StoryboardExempleWithMVVM" */;
			buildPhases = (
				34471B8A29DFAC7000DCB1AA /* Sources */,
				34471B8B29DFAC7000DCB1AA /* Frameworks */,
				34471B8C29DFAC7000DCB1AA /* Resources */,
			);
			buildRules = (
			);
			dependencies = (
			);
			name = StoryboardExempleWithMVVM;
			productName = StoryboardExempleWithMVVM;
			productReference = 34471B8E29DFAC7000DCB1AA /* StoryboardExempleWithMVVM.app */;
			productType = "com.apple.product-type.application";
		};
/* End PBXNativeTarget section */

/* Begin PBXProject section */
		34471B8629DFAC7000DCB1AA /* Project object */ = {
			isa = PBXProject;
			attributes = {
				BuildIndependentTargetsInParallel = 1;
				LastSwiftUpdateCheck = 1430;
				LastUpgradeCheck = 1430;
				TargetAttributes = {
					34471B8D29DFAC7000DCB1AA = {
						CreatedOnToolsVersion = 14.3;
					};
				};
			};
			buildConfigurationList = 34471B8929DFAC7000DCB1AA /* Build configuration list for PBXProject "StoryboardExempleWithMVVM" */;
			compatibilityVersion = "Xcode 14.0";
			developmentRegion = en;
			hasScannedForEncodings = 0;
			knownRegions = (
				en,
				Base,
			);
			mainGroup = 34471B8529DFAC7000DCB1AA;
			productRefGroup = 34471B8F29DFAC7000DCB1AA /* Products */;
			projectDirPath = "";
			projectRoot = "";
			targets = (
				34471B8D29DFAC7000DCB1AA /* StoryboardExempleWithMVVM */,
			);
		};
/* End PBXProject section */

/* Begin PBXResourcesBuildPhase section */
		34471B8C29DFAC7000DCB1AA /* Resources */ = {
			isa = PBXResourcesBuildPhase;
			buildActionMask = 2147483647;
			files = (
				34471B9E29DFAC7200DCB1AA /* LaunchScreen.storyboard in Resources */,
				34471B9B29DFAC7200DCB1AA /* Assets.xcassets in Resources */,
			);
			runOnlyForDeploymentPostprocessing = 0;
		};
/* End PBXResourcesBuildPhase section */

/* Begin PBXSourcesBuildPhase section */
		34471B8A29DFAC7000DCB1AA /* Sources */ = {
			isa = PBXSourcesBuildPhase;
			buildActionMask = 2147483647;
			files = (
				34471BB529DFBD0D00DCB1AA /* MovieService.swift in Sources */,
				34471BB129DFAF6300DCB1AA /* NetworkManager.swift in Sources */,
				34471BAF29DFAF2D00DCB1AA /* HomeView.swift in Sources */,
				34471B9229DFAC7000DCB1AA /* AppDelegate.swift in Sources */,
				34471B9429DFAC7000DCB1AA /* SceneDelegate.swift in Sources */,
				34471BB329DFB9AF00DCB1AA /* Movie.swift in Sources */,
			);
			runOnlyForDeploymentPostprocessing = 0;
		};
/* End PBXSourcesBuildPhase section */

/* Begin PBXVariantGroup section */
		34471B9C29DFAC7200DCB1AA /* LaunchScreen.storyboard */ = {
			isa = PBXVariantGroup;
			children = (
				34471B9D29DFAC7200DCB1AA /* Base */,
			);
			name = LaunchScreen.storyboard;
			sourceTree = "<group>";
		};
/* End PBXVariantGroup section */

/* Begin XCBuildConfiguration section */
		34471BA029DFAC7200DCB1AA /* Debug */ = {
			isa = XCBuildConfiguration;
			buildSettings = {
				ALWAYS_SEARCH_USER_PATHS = NO;
				CLANG_ANALYZER_NONNULL = YES;
				CLANG_ANALYZER_NUMBER_OBJECT_CONVERSION = YES_AGGRESSIVE;
				CLANG_CXX_LANGUAGE_STANDARD = "gnu++20";
				CLANG_ENABLE_MODULES = YES;
				CLANG_ENABLE_OBJC_ARC = YES;
				CLANG_ENABLE_OBJC_WEAK = YES;
				CLANG_WARN_BLOCK_CAPTURE_AUTORELEASING = YES;
				CLANG_WARN_BOOL_CONVERSION = YES;
				CLANG_WARN_COMMA = YES;
				CLANG_WARN_CONSTANT_CONVERSION = YES;
				CLANG_WARN_DEPRECATED_OBJC_IMPLEMENTATIONS = YES;
				CLANG_WARN_DIRECT_OBJC_ISA_USAGE = YES_ERROR;
				CLANG_WARN_DOCUMENTATION_COMMENTS = YES;
				CLANG_WARN_EMPTY_BODY = YES;
				CLANG_WARN_ENUM_CONVERSION = YES;
				CLANG_WARN_INFINITE_RECURSION = YES;
				CLANG_WARN_INT_CONVERSION = YES;
				CLANG_WARN_NON_LITERAL_NULL_CONVERSION = YES;
				CLANG_WARN_OBJC_IMPLICIT_RETAIN_SELF = YES;
				CLANG_WARN_OBJC_LITERAL_CONVERSION = YES;
				CLANG_WARN_OBJC_ROOT_CLASS = YES_ERROR;
				CLANG_WARN_QUOTED_INCLUDE_IN_FRAMEWORK_HEADER = YES;
				CLANG_WARN_RANGE_LOOP_ANALYSIS = YES;
				CLANG_WARN_STRICT_PROTOTYPES = YES;
				CLANG_WARN_SUSPICIOUS_MOVE = YES;
				CLANG_WARN_UNGUARDED_AVAILABILITY = YES_AGGRESSIVE;
				CLANG_WARN_UNREACHABLE_CODE = YES;
				CLANG_WARN__DUPLICATE_METHOD_MATCH = YES;
				COPY_PHASE_STRIP = NO;
				DEBUG_INFORMATION_FORMAT = dwarf;
				ENABLE_STRICT_OBJC_MSGSEND = YES;
				ENABLE_TESTABILITY = YES;
				GCC_C_LANGUAGE_STANDARD = gnu11;
				GCC_DYNAMIC_NO_PIC = NO;
				GCC_NO_COMMON_BLOCKS = YES;
				GCC_OPTIMIZATION_LEVEL = 0;
				GCC_PREPROCESSOR_DEFINITIONS = (
					"DEBUG=1",
					"$(inherited)",
				);
				GCC_WARN_64_TO_32_BIT_CONVERSION = YES;
				GCC_WARN_ABOUT_RETURN_TYPE = YES_ERROR;
				GCC_WARN_UNDECLARED_SELECTOR = YES;
				GCC_WARN_UNINITIALIZED_AUTOS = YES_AGGRESSIVE;
				GCC_WARN_UNUSED_FUNCTION = YES;
				GCC_WARN_UNUSED_VARIABLE = YES;
				IPHONEOS_DEPLOYMENT_TARGET = 16.4;
				MTL_ENABLE_DEBUG_INFO = INCLUDE_SOURCE;
				MTL_FAST_MATH = YES;
				ONLY_ACTIVE_ARCH = YES;
				SDKROOT = iphoneos;
				SWIFT_ACTIVE_COMPILATION_CONDITIONS = DEBUG;
				SWIFT_OPTIMIZATION_LEVEL = "-Onone";
			};
			name = Debug;
		};
		34471BA129DFAC7200DCB1AA /* Release */ = {
			isa = XCBuildConfiguration;
			buildSettings = {
				ALWAYS_SEARCH_USER_PATHS = NO;
				CLANG_ANALYZER_NONNULL = YES;
				CLANG_ANALYZER_NUMBER_OBJECT_CONVERSION = YES_AGGRESSIVE;
				CLANG_CXX_LANGUAGE_STANDARD = "gnu++20";
				CLANG_ENABLE_MODULES = YES;
				CLANG_ENABLE_OBJC_ARC = YES;
				CLANG_ENABLE_OBJC_WEAK = YES;
				CLANG_WARN_BLOCK_CAPTURE_AUTORELEASING = YES;
				CLANG_WARN_BOOL_CONVERSION = YES;
				CLANG_WARN_COMMA = YES;
				CLANG_WARN_CONSTANT_CONVERSION = YES;
				CLANG_WARN_DEPRECATED_OBJC_IMPLEMENTATIONS = YES;
				CLANG_WARN_DIRECT_OBJC_ISA_USAGE = YES_ERROR;
				CLANG_WARN_DOCUMENTATION_COMMENTS = YES;
				CLANG_WARN_EMPTY_BODY = YES;
				CLANG_WARN_ENUM_CONVERSION = YES;
				CLANG_WARN_INFINITE_RECURSION = YES;
				CLANG_WARN_INT_CONVERSION = YES;
				CLANG_WARN_NON_LITERAL_NULL_CONVERSION = YES;
				CLANG_WARN_OBJC_IMPLICIT_RETAIN_SELF = YES;
				CLANG_WARN_OBJC_LITERAL_CONVERSION = YES;
				CLANG_WARN_OBJC_ROOT_CLASS = YES_ERROR;
				CLANG_WARN_QUOTED_INCLUDE_IN_FRAMEWORK_HEADER = YES;
				CLANG_WARN_RANGE_LOOP_ANALYSIS = YES;
				CLANG_WARN_STRICT_PROTOTYPES = YES;
				CLANG_WARN_SUSPICIOUS_MOVE = YES;
				CLANG_WARN_UNGUARDED_AVAILABILITY = YES_AGGRESSIVE;
				CLANG_WARN_UNREACHABLE_CODE = YES;
				CLANG_WARN__DUPLICATE_METHOD_MATCH = YES;
				COPY_PHASE_STRIP = NO;
				DEBUG_INFORMATION_FORMAT = "dwarf-with-dsym";
				ENABLE_NS_ASSERTIONS = NO;
				ENABLE_STRICT_OBJC_MSGSEND = YES;
				GCC_C_LANGUAGE_STANDARD = gnu11;
				GCC_NO_COMMON_BLOCKS = YES;
				GCC_WARN_64_TO_32_BIT_CONVERSION = YES;
				GCC_WARN_ABOUT_RETURN_TYPE = YES_ERROR;
				GCC_WARN_UNDECLARED_SELECTOR = YES;
				GCC_WARN_UNINITIALIZED_AUTOS = YES_AGGRESSIVE;
				GCC_WARN_UNUSED_FUNCTION = YES;
				GCC_WARN_UNUSED_VARIABLE = YES;
				IPHONEOS_DEPLOYMENT_TARGET = 16.4;
				MTL_ENABLE_DEBUG_INFO = NO;
				MTL_FAST_MATH = YES;
				SDKROOT = iphoneos;
				SWIFT_COMPILATION_MODE = wholemodule;
				SWIFT_OPTIMIZATION_LEVEL = "-O";
				VALIDATE_PRODUCT = YES;
			};
			name = Release;
		};
		34471BA329DFAC7200DCB1AA /* Debug */ = {
			isa = XCBuildConfiguration;
			buildSettings = {
				ASSETCATALOG_COMPILER_APPICON_NAME = AppIcon;
				ASSETCATALOG_COMPILER_GLOBAL_ACCENT_COLOR_NAME = AccentColor;
				CODE_SIGN_STYLE = Automatic;
				CURRENT_PROJECT_VERSION = 1;
				DEVELOPMENT_TEAM = MW2482B7WH;
				GENERATE_INFOPLIST_FILE = YES;
				INFOPLIST_FILE = StoryboardExempleWithMVVM/Info.plist;
				INFOPLIST_KEY_UIApplicationSupportsIndirectInputEvents = YES;
				INFOPLIST_KEY_UILaunchStoryboardName = LaunchScreen;
				INFOPLIST_KEY_UIMainStoryboardFile = Main;
				INFOPLIST_KEY_UISupportedInterfaceOrientations_iPad = "UIInterfaceOrientationPortrait UIInterfaceOrientationPortraitUpsideDown UIInterfaceOrientationLandscapeLeft UIInterfaceOrientationLandscapeRight";
				INFOPLIST_KEY_UISupportedInterfaceOrientations_iPhone = "UIInterfaceOrientationPortrait UIInterfaceOrientationLandscapeLeft UIInterfaceOrientationLandscapeRight";
				LD_RUNPATH_SEARCH_PATHS = (
					"$(inherited)",
					"@executable_path/Frameworks",
				);
				MARKETING_VERSION = 1.0;
				PRODUCT_BUNDLE_IDENTIFIER = NomoSiOS.StoryboardExempleWithMVVM;
				PRODUCT_NAME = "$(TARGET_NAME)";
				SWIFT_EMIT_LOC_STRINGS = YES;
				SWIFT_VERSION = 5.0;
				TARGETED_DEVICE_FAMILY = "1,2";
			};
			name = Debug;
		};
		34471BA429DFAC7200DCB1AA /* Release */ = {
			isa = XCBuildConfiguration;
			buildSettings = {
				ASSETCATALOG_COMPILER_APPICON_NAME = AppIcon;
				ASSETCATALOG_COMPILER_GLOBAL_ACCENT_COLOR_NAME = AccentColor;
				CODE_SIGN_STYLE = Automatic;
				CURRENT_PROJECT_VERSION = 1;
				DEVELOPMENT_TEAM = MW2482B7WH;
				GENERATE_INFOPLIST_FILE = YES;
				INFOPLIST_FILE = StoryboardExempleWithMVVM/Info.plist;
				INFOPLIST_KEY_UIApplicationSupportsIndirectInputEvents = YES;
				INFOPLIST_KEY_UILaunchStoryboardName = LaunchScreen;
				INFOPLIST_KEY_UIMainStoryboardFile = Main;
				INFOPLIST_KEY_UISupportedInterfaceOrientations_iPad = "UIInterfaceOrientationPortrait UIInterfaceOrientationPortraitUpsideDown UIInterfaceOrientationLandscapeLeft UIInterfaceOrientationLandscapeRight";
				INFOPLIST_KEY_UISupportedInterfaceOrientations_iPhone = "UIInterfaceOrientationPortrait UIInterfaceOrientationLandscapeLeft UIInterfaceOrientationLandscapeRight";
				LD_RUNPATH_SEARCH_PATHS = (
					"$(inherited)",
					"@executable_path/Frameworks",
				);
				MARKETING_VERSION = 1.0;
				PRODUCT_BUNDLE_IDENTIFIER = NomoSiOS.StoryboardExempleWithMVVM;
				PRODUCT_NAME = "$(TARGET_NAME)";
				SWIFT_EMIT_LOC_STRINGS = YES;
				SWIFT_VERSION = 5.0;
				TARGETED_DEVICE_FAMILY = "1,2";
			};
			name = Release;
		};
/* End XCBuildConfiguration section */

/* Begin XCConfigurationList section */
		34471B8929DFAC7000DCB1AA /* Build configuration list for PBXProject "StoryboardExempleWithMVVM" */ = {
			isa = XCConfigurationList;
			buildConfigurations = (
				34471BA029DFAC7200DCB1AA /* Debug */,
				34471BA129DFAC7200DCB1AA /* Release */,
			);
			defaultConfigurationIsVisible = 0;
			defaultConfigurationName = Release;
		};
		34471BA229DFAC7200DCB1AA /* Build configuration list for PBXNativeTarget "StoryboardExempleWithMVVM" */ = {
			isa = XCConfigurationList;
			buildConfigurations = (
				34471BA329DFAC7200DCB1AA /* Debug */,
				34471BA429DFAC7200DCB1AA /* Release */,
			);
			defaultConfigurationIsVisible = 0;
			defaultConfigurationName = Release;
		};
/* End XCConfigurationList section */
	};
	rootObject = 34471B8629DFAC7000DCB1AA /* Project object */;
}
